
Microsoft Visual Studio Solution File, Format Version 12.00
# Visual Studio Version 17
VisualStudioVersion = 17.11.35312.102
MinimumVisualStudioVersion = 10.0.40219.1
Project("{FAE04EC0-301F-11D3-BF4B-00C04F79EFBC}") = "Posloupnosti", "Posloupnosti\Posloupnosti.csproj", "{D4F6F563-DA3C-4723-8901-B4D5342C927D}"
EndProject
Global
	GlobalSection(SolutionConfigurationPlatforms) = preSolution
		Debug|Any CPU = Debug|Any CPU
		Release|Any CPU = Release|Any CPU
	EndGlobalSection
	GlobalSection(ProjectConfigurationPlatforms) = postSolution
		{D4F6F563-DA3C-4723-8901-B4D5342C927D}.Debug|Any CPU.ActiveCfg = Debug|Any CPU
		{D4F6F563-DA3C-4723-8901-B4D5342C927D}.Debug|Any CPU.Build.0 = Debug|Any CPU
		{D4F6F563-DA3C-4723-8901-B4D5342C927D}.Release|Any CPU.ActiveCfg = Release|Any CPU
		{D4F6F563-DA3C-4723-8901-B4D5342C927D}.Release|Any CPU.Build.0 = Release|Any CPU
	EndGlobalSection
	GlobalSection(SolutionProperties) = preSolution
		HideSolutionNode = FALSE
	EndGlobalSection
	GlobalSection(ExtensibilityGlobals) = postSolution
		SolutionGuid = {27FE3A9B-A215-4C2B-8260-3060DC1C7F52}
	EndGlobalSection
EndGlobal
