
Microsoft Visual Studio Solution File, Format Version 12.00
# Visual Studio Version 17
VisualStudioVersion = 17.11.35312.102
MinimumVisualStudioVersion = 10.0.40219.1
Project("{FAE04EC0-301F-11D3-BF4B-00C04F79EFBC}") = "MinMax", "MinMax\MinMax.csproj", "{6AE7BCA6-02FA-42C9-A446-9E2DFD91D90A}"
EndProject
Global
	GlobalSection(SolutionConfigurationPlatforms) = preSolution
		Debug|Any CPU = Debug|Any CPU
		Release|Any CPU = Release|Any CPU
	EndGlobalSection
	GlobalSection(ProjectConfigurationPlatforms) = postSolution
		{6AE7BCA6-02FA-42C9-A446-9E2DFD91D90A}.Debug|Any CPU.ActiveCfg = Debug|Any CPU
		{6AE7BCA6-02FA-42C9-A446-9E2DFD91D90A}.Debug|Any CPU.Build.0 = Debug|Any CPU
		{6AE7BCA6-02FA-42C9-A446-9E2DFD91D90A}.Release|Any CPU.ActiveCfg = Release|Any CPU
		{6AE7BCA6-02FA-42C9-A446-9E2DFD91D90A}.Release|Any CPU.Build.0 = Release|Any CPU
	EndGlobalSection
	GlobalSection(SolutionProperties) = preSolution
		HideSolutionNode = FALSE
	EndGlobalSection
	GlobalSection(ExtensibilityGlobals) = postSolution
		SolutionGuid = {6F6C2A34-211D-4A4A-9AEF-27C0E12FBDD4}
	EndGlobalSection
EndGlobal
