
Microsoft Visual Studio Solution File, Format Version 12.00
# Visual Studio Version 17
VisualStudioVersion = 17.11.35312.102
MinimumVisualStudioVersion = 10.0.40219.1
Project("{FAE04EC0-301F-11D3-BF4B-00C04F79EFBC}") = "Two beasts in labyhirint", "Two beasts in labyhirint\Two beasts in labyhirint.csproj", "{0BD49558-84C2-48E1-B40D-C4F7D3D58994}"
EndProject
Global
	GlobalSection(SolutionConfigurationPlatforms) = preSolution
		Debug|Any CPU = Debug|Any CPU
		Release|Any CPU = Release|Any CPU
	EndGlobalSection
	GlobalSection(ProjectConfigurationPlatforms) = postSolution
		{0BD49558-84C2-48E1-B40D-C4F7D3D58994}.Debug|Any CPU.ActiveCfg = Debug|Any CPU
		{0BD49558-84C2-48E1-B40D-C4F7D3D58994}.Debug|Any CPU.Build.0 = Debug|Any CPU
		{0BD49558-84C2-48E1-B40D-C4F7D3D58994}.Release|Any CPU.ActiveCfg = Release|Any CPU
		{0BD49558-84C2-48E1-B40D-C4F7D3D58994}.Release|Any CPU.Build.0 = Release|Any CPU
	EndGlobalSection
	GlobalSection(SolutionProperties) = preSolution
		HideSolutionNode = FALSE
	EndGlobalSection
	GlobalSection(ExtensibilityGlobals) = postSolution
		SolutionGuid = {E1DD03FF-8DC4-4E11-9C37-0E5C46AF9B14}
	EndGlobalSection
EndGlobal
