
Microsoft Visual Studio Solution File, Format Version 12.00
# Visual Studio Version 17
VisualStudioVersion = 17.14.36429.23 d17.14
MinimumVisualStudioVersion = 10.0.40219.1
Project("{FAE04EC0-301F-11D3-BF4B-00C04F79EFBC}") = "WpfApp1", "WpfApp1\WpfApp1.csproj", "{EC8675BD-8829-4A96-9A5E-DAB2F0DC40C3}"
EndProject
Global
	GlobalSection(SolutionConfigurationPlatforms) = preSolution
		Debug|Any CPU = Debug|Any CPU
		Release|Any CPU = Release|Any CPU
	EndGlobalSection
	GlobalSection(ProjectConfigurationPlatforms) = postSolution
		{EC8675BD-8829-4A96-9A5E-DAB2F0DC40C3}.Debug|Any CPU.ActiveCfg = Debug|Any CPU
		{EC8675BD-8829-4A96-9A5E-DAB2F0DC40C3}.Debug|Any CPU.Build.0 = Debug|Any CPU
		{EC8675BD-8829-4A96-9A5E-DAB2F0DC40C3}.Release|Any CPU.ActiveCfg = Release|Any CPU
		{EC8675BD-8829-4A96-9A5E-DAB2F0DC40C3}.Release|Any CPU.Build.0 = Release|Any CPU
	EndGlobalSection
	GlobalSection(SolutionProperties) = preSolution
		HideSolutionNode = FALSE
	EndGlobalSection
	GlobalSection(ExtensibilityGlobals) = postSolution
		SolutionGuid = {D166C3DC-D154-4EB1-9599-CA6E54EA33C8}
	EndGlobalSection
EndGlobal
